// !$*UTF8*$!
{
	archiveVersion = 1;
	classes = {
	};
	objectVersion = 48;
	objects = {

/* Begin PBXBuildFile section */
		1D260FE6200626680079AD65 /* AppDelegate.swift in Sources */ = {isa = PBXBuildFile; fileRef = 1D260FE5200626680079AD65 /* AppDelegate.swift */; };
		1D260FE8200626680079AD65 /* ViewController.swift in Sources */ = {isa = PBXBuildFile; fileRef = 1D260FE7200626680079AD65 /* ViewController.swift */; };
		1D260FEB200626690079AD65 /* Main.storyboard in Resources */ = {isa = PBXBuildFile; fileRef = 1D260FE9200626690079AD65 /* Main.storyboard */; };
		1D260FED200626690079AD65 /* Assets.xcassets in Resources */ = {isa = PBXBuildFile; fileRef = 1D260FEC200626690079AD65 /* Assets.xcassets */; };
		1D260FF0200626690079AD65 /* LaunchScreen.storyboard in Resources */ = {isa = PBXBuildFile; fileRef = 1D260FEE200626690079AD65 /* LaunchScreen.storyboard */; };
		1D260FFB200626690079AD65 /* VideoAppTests.swift in Sources */ = {isa = PBXBuildFile; fileRef = 1D260FFA200626690079AD65 /* VideoAppTests.swift */; };
		1D261006200626690079AD65 /* VideoAppUITests.swift in Sources */ = {isa = PBXBuildFile; fileRef = 1D261005200626690079AD65 /* VideoAppUITests.swift */; };
/* End PBXBuildFile section */

/* Begin PBXContainerItemProxy section */
		1D260FF7200626690079AD65 /* PBXContainerItemProxy */ = {
			isa = PBXContainerItemProxy;
			containerPortal = 1D260FDA200626680079AD65 /* Project object */;
			proxyType = 1;
			remoteGlobalIDString = 1D260FE1200626680079AD65;
			remoteInfo = VideoApp;
		};
		1D261002200626690079AD65 /* PBXContainerItemProxy */ = {
			isa = PBXContainerItemProxy;
			containerPortal = 1D260FDA200626680079AD65 /* Project object */;
			proxyType = 1;
			remoteGlobalIDString = 1D260FE1200626680079AD65;
			remoteInfo = VideoApp;
		};
/* End PBXContainerItemProxy section */

/* Begin PBXFileReference section */
		1D260FE2200626680079AD65 /* VideoApp.app */ = {isa = PBXFileReference; explicitFileType = wrapper.application; includeInIndex = 0; path = VideoApp.app; sourceTree = BUILT_PRODUCTS_DIR; };
		1D260FE5200626680079AD65 /* AppDelegate.swift */ = {isa = PBXFileReference; lastKnownFileType = sourcecode.swift; path = AppDelegate.swift; sourceTree = "<group>"; };
		1D260FE7200626680079AD65 /* ViewController.swift */ = {isa = PBXFileReference; lastKnownFileType = sourcecode.swift; path = ViewController.swift; sourceTree = "<group>"; };
		1D260FEA200626690079AD65 /* Base */ = {isa = PBXFileReference; lastKnownFileType = file.storyboard; name = Base; path = Base.lproj/Main.storyboard; sourceTree = "<group>"; };
		1D260FEC200626690079AD65 /* Assets.xcassets */ = {isa = PBXFileReference; lastKnownFileType = folder.assetcatalog; path = Assets.xcassets; sourceTree = "<group>"; };
		1D260FEF200626690079AD65 /* Base */ = {isa = PBXFileReference; lastKnownFileType = file.storyboard; name = Base; path = Base.lproj/LaunchScreen.storyboard; sourceTree = "<group>"; };
		1D260FF1200626690079AD65 /* Info.plist */ = {isa = PBXFileReference; lastKnownFileType = text.plist.xml; path = Info.plist; sourceTree = "<group>"; };
		1D260FF6200626690079AD65 /* VideoAppTests.xctest */ = {isa = PBXFileReference; explicitFileType = wrapper.cfbundle; includeInIndex = 0; path = VideoAppTests.xctest; sourceTree = BUILT_PRODUCTS_DIR; };
		1D260FFA200626690079AD65 /* VideoAppTests.swift */ = {isa = PBXFileReference; lastKnownFileType = sourcecode.swift; path = VideoAppTests.swift; sourceTree = "<group>"; };
		1D260FFC200626690079AD65 /* Info.plist */ = {isa = PBXFileReference; lastKnownFileType = text.plist.xml; path = Info.plist; sourceTree = "<group>"; };
		1D261001200626690079AD65 /* VideoAppUITests.xctest */ = {isa = PBXFileReference; explicitFileType = wrapper.cfbundle; includeInIndex = 0; path = VideoAppUITests.xctest; sourceTree = BUILT_PRODUCTS_DIR; };
		1D261005200626690079AD65 /* VideoAppUITests.swift */ = {isa = PBXFileReference; lastKnownFileType = sourcecode.swift; path = VideoAppUITests.swift; sourceTree = "<group>"; };
		1D261007200626690079AD65 /* Info.plist */ = {isa = PBXFileReference; lastKnownFileType = text.plist.xml; path = Info.plist; sourceTree = "<group>"; };
/* End PBXFileReference section */

/* Begin PBXFrameworksBuildPhase section */
		1D260FDF200626680079AD65 /* Frameworks */ = {
			isa = PBXFrameworksBuildPhase;
			buildActionMask = 2147483647;
			files = (
			);
			runOnlyForDeploymentPostprocessing = 0;
		};
		1D260FF3200626690079AD65 /* Frameworks */ = {
			isa = PBXFrameworksBuildPhase;
			buildActionMask = 2147483647;
			files = (
			);
			runOnlyForDeploymentPostprocessing = 0;
		};
		1D260FFE200626690079AD65 /* Frameworks */ = {
			isa = PBXFrameworksBuildPhase;
			buildActionMask = 2147483647;
			files = (
			);
			runOnlyForDeploymentPostprocessing = 0;
		};
/* End PBXFrameworksBuildPhase section */

/* Begin PBXGroup section */
		1D260FD9200626680079AD65 = {
			isa = PBXGroup;
			children = (
				1D260FE4200626680079AD65 /* VideoApp */,
				1D260FF9200626690079AD65 /* VideoAppTests */,
				1D261004200626690079AD65 /* VideoAppUITests */,
				1D260FE3200626680079AD65 /* Products */,
			);
			sourceTree = "<group>";
		};
		1D260FE3200626680079AD65 /* Products */ = {
			isa = PBXGroup;
			children = (
				1D260FE2200626680079AD65 /* VideoApp.app */,
				1D260FF6200626690079AD65 /* VideoAppTests.xctest */,
				1D261001200626690079AD65 /* VideoAppUITests.xctest */,
			);
			name = Products;
			sourceTree = "<group>";
		};
		1D260FE4200626680079AD65 /* VideoApp */ = {
			isa = PBXGroup;
			children = (
				1D260FE5200626680079AD65 /* AppDelegate.swift */,
				1D260FE7200626680079AD65 /* ViewController.swift */,
				1D260FE9200626690079AD65 /* Main.storyboard */,
				1D260FEC200626690079AD65 /* Assets.xcassets */,
				1D260FEE200626690079AD65 /* LaunchScreen.storyboard */,
				1D260FF1200626690079AD65 /* Info.plist */,
			);
			path = VideoApp;
			sourceTree = "<group>";
		};
		1D260FF9200626690079AD65 /* VideoAppTests */ = {
			isa = PBXGroup;
			children = (
				1D260FFA200626690079AD65 /* VideoAppTests.swift */,
				1D260FFC200626690079AD65 /* Info.plist */,
			);
			path = VideoAppTests;
			sourceTree = "<group>";
		};
		1D261004200626690079AD65 /* VideoAppUITests */ = {
			isa = PBXGroup;
			children = (
				1D261005200626690079AD65 /* VideoAppUITests.swift */,
				1D261007200626690079AD65 /* Info.plist */,
			);
			path = VideoAppUITests;
			sourceTree = "<group>";
		};
/* End PBXGroup section */

/* Begin PBXNativeTarget section */
		1D260FE1200626680079AD65 /* VideoApp */ = {
			isa = PBXNativeTarget;
			buildConfigurationList = 1D26100A200626690079AD65 /* Build configuration list for PBXNativeTarget "VideoApp" */;
			buildPhases = (
				1D260FDE200626680079AD65 /* Sources */,
				1D260FDF200626680079AD65 /* Frameworks */,
				1D260FE0200626680079AD65 /* Resources */,
			);
			buildRules = (
			);
			dependencies = (
			);
			name = VideoApp;
			productName = VideoApp;
			productReference = 1D260FE2200626680079AD65 /* VideoApp.app */;
			productType = "com.apple.product-type.application";
		};
		1D260FF5200626690079AD65 /* VideoAppTests */ = {
			isa = PBXNativeTarget;
			buildConfigurationList = 1D26100D200626690079AD65 /* Build configuration list for PBXNativeTarget "VideoAppTests" */;
			buildPhases = (
				1D260FF2200626690079AD65 /* Sources */,
				1D260FF3200626690079AD65 /* Frameworks */,
				1D260FF4200626690079AD65 /* Resources */,
			);
			buildRules = (
			);
			dependencies = (
				1D260FF8200626690079AD65 /* PBXTargetDependency */,
			);
			name = VideoAppTests;
			productName = VideoAppTests;
			productReference = 1D260FF6200626690079AD65 /* VideoAppTests.xctest */;
			productType = "com.apple.product-type.bundle.unit-test";
		};
		1D261000200626690079AD65 /* VideoAppUITests */ = {
			isa = PBXNativeTarget;
			buildConfigurationList = 1D261010200626690079AD65 /* Build configuration list for PBXNativeTarget "VideoAppUITests" */;
			buildPhases = (
				1D260FFD200626690079AD65 /* Sources */,
				1D260FFE200626690079AD65 /* Frameworks */,
				1D260FFF200626690079AD65 /* Resources */,
			);
			buildRules = (
			);
			dependencies = (
				1D261003200626690079AD65 /* PBXTargetDependency */,
			);
			name = VideoAppUITests;
			productName = VideoAppUITests;
			productReference = 1D261001200626690079AD65 /* VideoAppUITests.xctest */;
			productType = "com.apple.product-type.bundle.ui-testing";
		};
/* End PBXNativeTarget section */

/* Begin PBXProject section */
		1D260FDA200626680079AD65 /* Project object */ = {
			isa = PBXProject;
			attributes = {
				LastSwiftUpdateCheck = 0920;
				LastUpgradeCheck = 0920;
				ORGANIZATIONNAME = cesare.io;
				TargetAttributes = {
					1D260FE1200626680079AD65 = {
						CreatedOnToolsVersion = 9.2;
						ProvisioningStyle = Automatic;
					};
					1D260FF5200626690079AD65 = {
						CreatedOnToolsVersion = 9.2;
						ProvisioningStyle = Automatic;
						TestTargetID = 1D260FE1200626680079AD65;
					};
					1D261000200626690079AD65 = {
						CreatedOnToolsVersion = 9.2;
						ProvisioningStyle = Automatic;
						TestTargetID = 1D260FE1200626680079AD65;
					};
				};
			};
			buildConfigurationList = 1D260FDD200626680079AD65 /* Build configuration list for PBXProject "VideoApp" */;
			compatibilityVersion = "Xcode 8.0";
			developmentRegion = en;
			hasScannedForEncodings = 0;
			knownRegions = (
				en,
				Base,
			);
			mainGroup = 1D260FD9200626680079AD65;
			productRefGroup = 1D260FE3200626680079AD65 /* Products */;
			projectDirPath = "";
			projectRoot = "";
			targets = (
				1D260FE1200626680079AD65 /* VideoApp */,
				1D260FF5200626690079AD65 /* VideoAppTests */,
				1D261000200626690079AD65 /* VideoAppUITests */,
			);
		};
/* End PBXProject section */

/* Begin PBXResourcesBuildPhase section */
		1D260FE0200626680079AD65 /* Resources */ = {
			isa = PBXResourcesBuildPhase;
			buildActionMask = 2147483647;
			files = (
				1D260FF0200626690079AD65 /* LaunchScreen.storyboard in Resources */,
				1D260FED200626690079AD65 /* Assets.xcassets in Resources */,
				1D260FEB200626690079AD65 /* Main.storyboard in Resources */,
			);
			runOnlyForDeploymentPostprocessing = 0;
		};
		1D260FF4200626690079AD65 /* Resources */ = {
			isa = PBXResourcesBuildPhase;
			buildActionMask = 2147483647;
			files = (
			);
			runOnlyForDeploymentPostprocessing = 0;
		};
		1D260FFF200626690079AD65 /* Resources */ = {
			isa = PBXResourcesBuildPhase;
			buildActionMask = 2147483647;
			files = (
			);
			runOnlyForDeploymentPostprocessing = 0;
		};
/* End PBXResourcesBuildPhase section */

/* Begin PBXSourcesBuildPhase section */
		1D260FDE200626680079AD65 /* Sources */ = {
			isa = PBXSourcesBuildPhase;
			buildActionMask = 2147483647;
			files = (
				1D260FE8200626680079AD65 /* ViewController.swift in Sources */,
				1D260FE6200626680079AD65 /* AppDelegate.swift in Sources */,
			);
			runOnlyForDeploymentPostprocessing = 0;
		};
		1D260FF2200626690079AD65 /* Sources */ = {
			isa = PBXSourcesBuildPhase;
			buildActionMask = 2147483647;
			files = (
				1D260FFB200626690079AD65 /* VideoAppTests.swift in Sources */,
			);
			runOnlyForDeploymentPostprocessing = 0;
		};
		1D260FFD200626690079AD65 /* Sources */ = {
			isa = PBXSourcesBuildPhase;
			buildActionMask = 2147483647;
			files = (
				1D261006200626690079AD65 /* VideoAppUITests.swift in Sources */,
			);
			runOnlyForDeploymentPostprocessing = 0;
		};
/* End PBXSourcesBuildPhase section */

/* Begin PBXTargetDependency section */
		1D260FF8200626690079AD65 /* PBXTargetDependency */ = {
			isa = PBXTargetDependency;
			target = 1D260FE1200626680079AD65 /* VideoApp */;
			targetProxy = 1D260FF7200626690079AD65 /* PBXContainerItemProxy */;
		};
		1D261003200626690079AD65 /* PBXTargetDependency */ = {
			isa = PBXTargetDependency;
			target = 1D260FE1200626680079AD65 /* VideoApp */;
			targetProxy = 1D261002200626690079AD65 /* PBXContainerItemProxy */;
		};
/* End PBXTargetDependency section */

/* Begin PBXVariantGroup section */
		1D260FE9200626690079AD65 /* Main.storyboard */ = {
			isa = PBXVariantGroup;
			children = (
				1D260FEA200626690079AD65 /* Base */,
			);
			name = Main.storyboard;
			sourceTree = "<group>";
		};
		1D260FEE200626690079AD65 /* LaunchScreen.storyboard */ = {
			isa = PBXVariantGroup;
			children = (
				1D260FEF200626690079AD65 /* Base */,
			);
			name = LaunchScreen.storyboard;
			sourceTree = "<group>";
		};
/* End PBXVariantGroup section */

/* Begin XCBuildConfiguration section */
		1D261008200626690079AD65 /* Debug */ = {
			isa = XCBuildConfiguration;
			buildSettings = {
				ALWAYS_SEARCH_USER_PATHS = NO;
				CLANG_ANALYZER_NONNULL = YES;
				CLANG_ANALYZER_NUMBER_OBJECT_CONVERSION = YES_AGGRESSIVE;
				CLANG_CXX_LANGUAGE_STANDARD = "gnu++14";
				CLANG_CXX_LIBRARY = "libc++";
				CLANG_ENABLE_MODULES = YES;
				CLANG_ENABLE_OBJC_ARC = YES;
				CLANG_WARN_BLOCK_CAPTURE_AUTORELEASING = YES;
				CLANG_WARN_BOOL_CONVERSION = YES;
				CLANG_WARN_COMMA = YES;
				CLANG_WARN_CONSTANT_CONVERSION = YES;
				CLANG_WARN_DIRECT_OBJC_ISA_USAGE = YES_ERROR;
				CLANG_WARN_DOCUMENTATION_COMMENTS = YES;
				CLANG_WARN_EMPTY_BODY = YES;
				CLANG_WARN_ENUM_CONVERSION = YES;
				CLANG_WARN_INFINITE_RECURSION = YES;
				CLANG_WARN_INT_CONVERSION = YES;
				CLANG_WARN_NON_LITERAL_NULL_CONVERSION = YES;
				CLANG_WARN_OBJC_LITERAL_CONVERSION = YES;
				CLANG_WARN_OBJC_ROOT_CLASS = YES_ERROR;
				CLANG_WARN_RANGE_LOOP_ANALYSIS = YES;
				CLANG_WARN_STRICT_PROTOTYPES = YES;
				CLANG_WARN_SUSPICIOUS_MOVE = YES;
				CLANG_WARN_UNGUARDED_AVAILABILITY = YES_AGGRESSIVE;
				CLANG_WARN_UNREACHABLE_CODE = YES;
				CLANG_WARN__DUPLICATE_METHOD_MATCH = YES;
				CODE_SIGN_IDENTITY = "iPhone Developer";
				COPY_PHASE_STRIP = NO;
				DEBUG_INFORMATION_FORMAT = dwarf;
				ENABLE_STRICT_OBJC_MSGSEND = YES;
				ENABLE_TESTABILITY = YES;
				GCC_C_LANGUAGE_STANDARD = gnu11;
				GCC_DYNAMIC_NO_PIC = NO;
				GCC_NO_COMMON_BLOCKS = YES;
				GCC_OPTIMIZATION_LEVEL = 0;
				GCC_PREPROCESSOR_DEFINITIONS = (
					"DEBUG=1",
					"$(inherited)",
				);
				GCC_WARN_64_TO_32_BIT_CONVERSION = YES;
				GCC_WARN_ABOUT_RETURN_TYPE = YES_ERROR;
				GCC_WARN_UNDECLARED_SELECTOR = YES;
				GCC_WARN_UNINITIALIZED_AUTOS = YES_AGGRESSIVE;
				GCC_WARN_UNUSED_FUNCTION = YES;
				GCC_WARN_UNUSED_VARIABLE = YES;
				IPHONEOS_DEPLOYMENT_TARGET = 11.2;
				MTL_ENABLE_DEBUG_INFO = YES;
				ONLY_ACTIVE_ARCH = YES;
				SDKROOT = iphoneos;
				SWIFT_ACTIVE_COMPILATION_CONDITIONS = DEBUG;
				SWIFT_OPTIMIZATION_LEVEL = "-Onone";
			};
			name = Debug;
		};
		1D261009200626690079AD65 /* Release */ = {
			isa = XCBuildConfiguration;
			buildSettings = {
				ALWAYS_SEARCH_USER_PATHS = NO;
				CLANG_ANALYZER_NONNULL = YES;
				CLANG_ANALYZER_NUMBER_OBJECT_CONVERSION = YES_AGGRESSIVE;
				CLANG_CXX_LANGUAGE_STANDARD = "gnu++14";
				CLANG_CXX_LIBRARY = "libc++";
				CLANG_ENABLE_MODULES = YES;
				CLANG_ENABLE_OBJC_ARC = YES;
				CLANG_WARN_BLOCK_CAPTURE_AUTORELEASING = YES;
				CLANG_WARN_BOOL_CONVERSION = YES;
				CLANG_WARN_COMMA = YES;
				CLANG_WARN_CONSTANT_CONVERSION = YES;
				CLANG_WARN_DIRECT_OBJC_ISA_USAGE = YES_ERROR;
				CLANG_WARN_DOCUMENTATION_COMMENTS = YES;
				CLANG_WARN_EMPTY_BODY = YES;
				CLANG_WARN_ENUM_CONVERSION = YES;
				CLANG_WARN_INFINITE_RECURSION = YES;
				CLANG_WARN_INT_CONVERSION = YES;
				CLANG_WARN_NON_LITERAL_NULL_CONVERSION = YES;
				CLANG_WARN_OBJC_LITERAL_CONVERSION = YES;
				CLANG_WARN_OBJC_ROOT_CLASS = YES_ERROR;
				CLANG_WARN_RANGE_LOOP_ANALYSIS = YES;
				CLANG_WARN_STRICT_PROTOTYPES = YES;
				CLANG_WARN_SUSPICIOUS_MOVE = YES;
				CLANG_WARN_UNGUARDED_AVAILABILITY = YES_AGGRESSIVE;
				CLANG_WARN_UNREACHABLE_CODE = YES;
				CLANG_WARN__DUPLICATE_METHOD_MATCH = YES;
				CODE_SIGN_IDENTITY = "iPhone Developer";
				COPY_PHASE_STRIP = NO;
				DEBUG_INFORMATION_FORMAT = "dwarf-with-dsym";
				ENABLE_NS_ASSERTIONS = NO;
				ENABLE_STRICT_OBJC_MSGSEND = YES;
				GCC_C_LANGUAGE_STANDARD = gnu11;
				GCC_NO_COMMON_BLOCKS = YES;
				GCC_WARN_64_TO_32_BIT_CONVERSION = YES;
				GCC_WARN_ABOUT_RETURN_TYPE = YES_ERROR;
				GCC_WARN_UNDECLARED_SELECTOR = YES;
				GCC_WARN_UNINITIALIZED_AUTOS = YES_AGGRESSIVE;
				GCC_WARN_UNUSED_FUNCTION = YES;
				GCC_WARN_UNUSED_VARIABLE = YES;
				IPHONEOS_DEPLOYMENT_TARGET = 11.2;
				MTL_ENABLE_DEBUG_INFO = NO;
				SDKROOT = iphoneos;
				SWIFT_OPTIMIZATION_LEVEL = "-Owholemodule";
				VALIDATE_PRODUCT = YES;
			};
			name = Release;
		};
		1D26100B200626690079AD65 /* Debug */ = {
			isa = XCBuildConfiguration;
			buildSettings = {
				ASSETCATALOG_COMPILER_APPICON_NAME = AppIcon;
				CODE_SIGN_STYLE = Automatic;
				DEVELOPMENT_TEAM = G99G8858YN;
				INFOPLIST_FILE = VideoApp/Info.plist;
				LD_RUNPATH_SEARCH_PATHS = "$(inherited) @executable_path/Frameworks";
				PRODUCT_BUNDLE_IDENTIFIER = com.cesaredecal.VideoApp;
				PRODUCT_NAME = "$(TARGET_NAME)";
				SWIFT_VERSION = 4.0;
				TARGETED_DEVICE_FAMILY = "1,2";
			};
			name = Debug;
		};
		1D26100C200626690079AD65 /* Release */ = {
			isa = XCBuildConfiguration;
			buildSettings = {
				ASSETCATALOG_COMPILER_APPICON_NAME = AppIcon;
				CODE_SIGN_STYLE = Automatic;
				DEVELOPMENT_TEAM = G99G8858YN;
				INFOPLIST_FILE = VideoApp/Info.plist;
				LD_RUNPATH_SEARCH_PATHS = "$(inherited) @executable_path/Frameworks";
				PRODUCT_BUNDLE_IDENTIFIER = com.cesaredecal.VideoApp;
				PRODUCT_NAME = "$(TARGET_NAME)";
				SWIFT_VERSION = 4.0;
				TARGETED_DEVICE_FAMILY = "1,2";
			};
			name = Release;
		};
		1D26100E200626690079AD65 /* Debug */ = {
			isa = XCBuildConfiguration;
			buildSettings = {
				ALWAYS_EMBED_SWIFT_STANDARD_LIBRARIES = YES;
				BUNDLE_LOADER = "$(TEST_HOST)";
				CODE_SIGN_STYLE = Automatic;
				DEVELOPMENT_TEAM = G99G8858YN;
				INFOPLIST_FILE = VideoAppTests/Info.plist;
				LD_RUNPATH_SEARCH_PATHS = "$(inherited) @executable_path/Frameworks @loader_path/Frameworks";
				PRODUCT_BUNDLE_IDENTIFIER = com.cesaredecal.VideoAppTests;
				PRODUCT_NAME = "$(TARGET_NAME)";
				SWIFT_VERSION = 4.0;
				TARGETED_DEVICE_FAMILY = "1,2";
				TEST_HOST = "$(BUILT_PRODUCTS_DIR)/VideoApp.app/VideoApp";
			};
			name = Debug;
		};
		1D26100F200626690079AD65 /* Release */ = {
			isa = XCBuildConfiguration;
			buildSettings = {
				ALWAYS_EMBED_SWIFT_STANDARD_LIBRARIES = YES;
				BUNDLE_LOADER = "$(TEST_HOST)";
				CODE_SIGN_STYLE = Automatic;
				DEVELOPMENT_TEAM = G99G8858YN;
				INFOPLIST_FILE = VideoAppTests/Info.plist;
				LD_RUNPATH_SEARCH_PATHS = "$(inherited) @executable_path/Frameworks @loader_path/Frameworks";
				PRODUCT_BUNDLE_IDENTIFIER = com.cesaredecal.VideoAppTests;
				PRODUCT_NAME = "$(TARGET_NAME)";
				SWIFT_VERSION = 4.0;
				TARGETED_DEVICE_FAMILY = "1,2";
				TEST_HOST = "$(BUILT_PRODUCTS_DIR)/VideoApp.app/VideoApp";
			};
			name = Release;
		};
		1D261011200626690079AD65 /* Debug */ = {
			isa = XCBuildConfiguration;
			buildSettings = {
				ALWAYS_EMBED_SWIFT_STANDARD_LIBRARIES = YES;
				CODE_SIGN_STYLE = Automatic;
				DEVELOPMENT_TEAM = G99G8858YN;
				INFOPLIST_FILE = VideoAppUITests/Info.plist;
				LD_RUNPATH_SEARCH_PATHS = "$(inherited) @executable_path/Frameworks @loader_path/Frameworks";
				PRODUCT_BUNDLE_IDENTIFIER = com.cesaredecal.VideoAppUITests;
				PRODUCT_NAME = "$(TARGET_NAME)";
				SWIFT_VERSION = 4.0;
				TARGETED_DEVICE_FAMILY = "1,2";
				TEST_TARGET_NAME = VideoApp;
			};
			name = Debug;
		};
		1D261012200626690079AD65 /* Release */ = {
			isa = XCBuildConfiguration;
			buildSettings = {
				ALWAYS_EMBED_SWIFT_STANDARD_LIBRARIES = YES;
				CODE_SIGN_STYLE = Automatic;
				DEVELOPMENT_TEAM = G99G8858YN;
				INFOPLIST_FILE = VideoAppUITests/Info.plist;
				LD_RUNPATH_SEARCH_PATHS = "$(inherited) @executable_path/Frameworks @loader_path/Frameworks";
				PRODUCT_BUNDLE_IDENTIFIER = com.cesaredecal.VideoAppUITests;
				PRODUCT_NAME = "$(TARGET_NAME)";
				SWIFT_VERSION = 4.0;
				TARGETED_DEVICE_FAMILY = "1,2";
				TEST_TARGET_NAME = VideoApp;
			};
			name = Release;
		};
/* End XCBuildConfiguration section */

/* Begin XCConfigurationList section */
		1D260FDD200626680079AD65 /* Build configuration list for PBXProject "VideoApp" */ = {
			isa = XCConfigurationList;
			buildConfigurations = (
				1D261008200626690079AD65 /* Debug */,
				1D261009200626690079AD65 /* Release */,
			);
			defaultConfigurationIsVisible = 0;
			defaultConfigurationName = Release;
		};
		1D26100A200626690079AD65 /* Build configuration list for PBXNativeTarget "VideoApp" */ = {
			isa = XCConfigurationList;
			buildConfigurations = (
				1D26100B200626690079AD65 /* Debug */,
				1D26100C200626690079AD65 /* Release */,
			);
			defaultConfigurationIsVisible = 0;
			defaultConfigurationName = Release;
		};
		1D26100D200626690079AD65 /* Build configuration list for PBXNativeTarget "VideoAppTests" */ = {
			isa = XCConfigurationList;
			buildConfigurations = (
				1D26100E200626690079AD65 /* Debug */,
				1D26100F200626690079AD65 /* Release */,
			);
			defaultConfigurationIsVisible = 0;
			defaultConfigurationName = Release;
		};
		1D261010200626690079AD65 /* Build configuration list for PBXNativeTarget "VideoAppUITests" */ = {
			isa = XCConfigurationList;
			buildConfigurations = (
				1D261011200626690079AD65 /* Debug */,
				1D261012200626690079AD65 /* Release */,
			);
			defaultConfigurationIsVisible = 0;
			defaultConfigurationName = Release;
		};
/* End XCConfigurationList section */
	};
	rootObject = 1D260FDA200626680079AD65 /* Project object */;
}
